
Microsoft Visual Studio Solution File, Format Version 12.00
# Visual Studio Version 16
VisualStudioVersion = 16.0.31624.102
MinimumVisualStudioVersion = 10.0.40219.1
Project("{FAE04EC0-301F-11D3-BF4B-00C04F79EFBC}") = "ClientMasterApi", "ClientMasterApi\ClientMasterApi.csproj", "{A152BC13-AAFB-4E67-A8A4-C8E32F10961A}"
EndProject
Global
	GlobalSection(SolutionConfigurationPlatforms) = preSolution
		Debug|Any CPU = Debug|Any CPU
		Release|Any CPU = Release|Any CPU
	EndGlobalSection
	GlobalSection(ProjectConfigurationPlatforms) = postSolution
		{A152BC13-AAFB-4E67-A8A4-C8E32F10961A}.Debug|Any CPU.ActiveCfg = Debug|Any CPU
		{A152BC13-AAFB-4E67-A8A4-C8E32F10961A}.Debug|Any CPU.Build.0 = Debug|Any CPU
		{A152BC13-AAFB-4E67-A8A4-C8E32F10961A}.Release|Any CPU.ActiveCfg = Release|Any CPU
		{A152BC13-AAFB-4E67-A8A4-C8E32F10961A}.Release|Any CPU.Build.0 = Release|Any CPU
	EndGlobalSection
	GlobalSection(SolutionProperties) = preSolution
		HideSolutionNode = FALSE
	EndGlobalSection
	GlobalSection(ExtensibilityGlobals) = postSolution
		SolutionGuid = {F570CEA2-20A9-4ABF-ACC3-7A558AC3A894}
	EndGlobalSection
EndGlobal
